
Microsoft Visual Studio Solution File, Format Version 12.00
# Visual Studio Version 16
VisualStudioVersion = 16.0.30907.101
MinimumVisualStudioVersion = 10.0.40219.1
Project("{FAE04EC0-301F-11D3-BF4B-00C04F79EFBC}") = "WindowsFormsApp0328", "WindowsFormsApp0328\WindowsFormsApp0328.csproj", "{D27E158C-4DFA-4AD1-B244-B7ECA34210BC}"
EndProject
Global
	GlobalSection(SolutionConfigurationPlatforms) = preSolution
		Debug|Any CPU = Debug|Any CPU
		Release|Any CPU = Release|Any CPU
	EndGlobalSection
	GlobalSection(ProjectConfigurationPlatforms) = postSolution
		{D27E158C-4DFA-4AD1-B244-B7ECA34210BC}.Debug|Any CPU.ActiveCfg = Debug|Any CPU
		{D27E158C-4DFA-4AD1-B244-B7ECA34210BC}.Debug|Any CPU.Build.0 = Debug|Any CPU
		{D27E158C-4DFA-4AD1-B244-B7ECA34210BC}.Release|Any CPU.ActiveCfg = Release|Any CPU
		{D27E158C-4DFA-4AD1-B244-B7ECA34210BC}.Release|Any CPU.Build.0 = Release|Any CPU
	EndGlobalSection
	GlobalSection(SolutionProperties) = preSolution
		HideSolutionNode = FALSE
	EndGlobalSection
	GlobalSection(ExtensibilityGlobals) = postSolution
		SolutionGuid = {D3FE8A82-486C-4AD8-83D8-F8DEF865736E}
	EndGlobalSection
EndGlobal
